
Microsoft Visual Studio Solution File, Format Version 12.00
# Visual Studio Version 17
VisualStudioVersion = 17.11.35303.130
MinimumVisualStudioVersion = 10.0.40219.1
Project("{FAE04EC0-301F-11D3-BF4B-00C04F79EFBC}") = "Student", "Student\Student.csproj", "{3614CA1B-98D3-423E-ACAA-4E51790EC842}"
EndProject
Global
	GlobalSection(SolutionConfigurationPlatforms) = preSolution
		Debug|Any CPU = Debug|Any CPU
		Release|Any CPU = Release|Any CPU
	EndGlobalSection
	GlobalSection(ProjectConfigurationPlatforms) = postSolution
		{3614CA1B-98D3-423E-ACAA-4E51790EC842}.Debug|Any CPU.ActiveCfg = Debug|Any CPU
		{3614CA1B-98D3-423E-ACAA-4E51790EC842}.Debug|Any CPU.Build.0 = Debug|Any CPU
		{3614CA1B-98D3-423E-ACAA-4E51790EC842}.Release|Any CPU.ActiveCfg = Release|Any CPU
		{3614CA1B-98D3-423E-ACAA-4E51790EC842}.Release|Any CPU.Build.0 = Release|Any CPU
	EndGlobalSection
	GlobalSection(SolutionProperties) = preSolution
		HideSolutionNode = FALSE
	EndGlobalSection
	GlobalSection(ExtensibilityGlobals) = postSolution
		SolutionGuid = {E3D5DECF-F0EC-4A73-910B-2FFA44DFCF12}
	EndGlobalSection
EndGlobal
